# THIS IS AN AUTOGENERATED FILE. DO NOT EDIT THIS FILE DIRECTLY.
# yarn lockfile v1


lightbox2@^2.11.4:
  version "2.11.4"
  resolved "https://registry.npmjs.org/lightbox2/-/lightbox2-2.11.4.tgz#3ba020011ecea9237d0905c47db4026e9ab64400"
  integrity sha512-Fof7RJFWV3Fe4CWTjpto30h04Led97nRStFNLaUD/VrlEs72r7LF9WMndENYvU2e4o8WboSuy+dmetXSKSnQ2Q==
